
Microsoft Visual Studio Solution File, Format Version 12.00
# Visual Studio 15
Project("{FAE04EC0-301F-11D3-BF4B-00C04F79EFBC}") = "UnityEngine.UI", "UnityEngine.UI.csproj", "{2799CEBF-CF59-5852-62FB-83CC9440BF9C}"
EndProject
Project("{FAE04EC0-301F-11D3-BF4B-00C04F79EFBC}") = "PhotonUnityNetworking.Utilities", "PhotonUnityNetworking.Utilities.csproj", "{08D4E3A1-F514-894F-B25D-8C4BA8ED28FF}"
EndProject
Project("{FAE04EC0-301F-11D3-BF4B-00C04F79EFBC}") = "UnityEngine.TestRunner", "UnityEngine.TestRunner.csproj", "{F0DACA0D-73D5-46CA-EFE1-DF05D893E9DC}"
EndProject
Project("{FAE04EC0-301F-11D3-BF4B-00C04F79EFBC}") = "PhotonVoice.API", "PhotonVoice.API.csproj", "{60850452-B9CE-5B1F-D024-74A5D93EBFE9}"
EndProject
Project("{FAE04EC0-301F-11D3-BF4B-00C04F79EFBC}") = "PhotonVoice", "PhotonVoice.csproj", "{D23F9EE6-5DCF-BD79-A011-71A9B4D083D5}"
EndProject
Project("{FAE04EC0-301F-11D3-BF4B-00C04F79EFBC}") = "Unity.Timeline", "Unity.Timeline.csproj", "{C1288AAA-2ECA-F09B-EA89-62775D6014F4}"
EndProject
Project("{FAE04EC0-301F-11D3-BF4B-00C04F79EFBC}") = "PhotonUnityNetworking", "PhotonUnityNetworking.csproj", "{5E9AEF38-C27C-E801-FA38-89AA87103CB3}"
EndProject
Project("{FAE04EC0-301F-11D3-BF4B-00C04F79EFBC}") = "Assembly-CSharp", "Assembly-CSharp.csproj", "{228974E6-D045-BB5E-6A30-069B7F4F2171}"
EndProject
Project("{FAE04EC0-301F-11D3-BF4B-00C04F79EFBC}") = "Unity.TextMeshPro", "Unity.TextMeshPro.csproj", "{F04D3707-AD1F-5271-CFE1-1B4FE6325738}"
EndProject
Project("{FAE04EC0-301F-11D3-BF4B-00C04F79EFBC}") = "PhotonChat", "PhotonChat.csproj", "{1250EB5B-A8F5-F470-4A74-8123AE82838F}"
EndProject
Project("{FAE04EC0-301F-11D3-BF4B-00C04F79EFBC}") = "PhotonRealtime", "PhotonRealtime.csproj", "{971C5D15-8D16-CBE6-CA66-2144354D8B20}"
EndProject
Project("{FAE04EC0-301F-11D3-BF4B-00C04F79EFBC}") = "PhotonVoice.PUN", "PhotonVoice.PUN.csproj", "{6E6F7750-88FD-F626-13CF-49662BE57E05}"
EndProject
Project("{FAE04EC0-301F-11D3-BF4B-00C04F79EFBC}") = "UnityEditor.TestRunner", "UnityEditor.TestRunner.csproj", "{0687A01B-F5EF-DF0B-3706-FA1A25C0E9BE}"
EndProject
Project("{FAE04EC0-301F-11D3-BF4B-00C04F79EFBC}") = "Unity.PlasticSCM.Editor", "Unity.PlasticSCM.Editor.csproj", "{B2A5820D-FF86-0637-8916-F808998F57AF}"
EndProject
Project("{FAE04EC0-301F-11D3-BF4B-00C04F79EFBC}") = "UnityEditor.UI", "UnityEditor.UI.csproj", "{0B66A778-E6E5-88A6-6DDC-16B08E066E99}"
EndProject
Project("{FAE04EC0-301F-11D3-BF4B-00C04F79EFBC}") = "Unity.Services.Core.Editor", "Unity.Services.Core.Editor.csproj", "{C841BF8D-9E5D-066C-1D12-C1499B7CCEB0}"
EndProject
Project("{FAE04EC0-301F-11D3-BF4B-00C04F79EFBC}") = "Unity.Timeline.Editor", "Unity.Timeline.Editor.csproj", "{62FC5FAD-044A-DD99-D42A-8F7872179F50}"
EndProject
Project("{FAE04EC0-301F-11D3-BF4B-00C04F79EFBC}") = "Unity.VisualStudio.Editor", "Unity.VisualStudio.Editor.csproj", "{18D90418-DA5C-D4BB-8349-35DAF95DBEDC}"
EndProject
Project("{FAE04EC0-301F-11D3-BF4B-00C04F79EFBC}") = "PhotonUnityNetworking.Editor", "PhotonUnityNetworking.Editor.csproj", "{83048DF3-DB17-A510-869D-F25040783885}"
EndProject
Project("{FAE04EC0-301F-11D3-BF4B-00C04F79EFBC}") = "Unity.TextMeshPro.Editor", "Unity.TextMeshPro.Editor.csproj", "{9FF43977-5826-002E-2590-91BF632FC523}"
EndProject
Project("{FAE04EC0-301F-11D3-BF4B-00C04F79EFBC}") = "Unity.CollabProxy.Editor", "Unity.CollabProxy.Editor.csproj", "{A57F7C7F-D46D-FB5F-43D4-EF3100C8A9C1}"
EndProject
Project("{FAE04EC0-301F-11D3-BF4B-00C04F79EFBC}") = "Unity.Rider.Editor", "Unity.Rider.Editor.csproj", "{B7721757-2B35-FC62-20E5-E2ADC8142402}"
EndProject
Project("{FAE04EC0-301F-11D3-BF4B-00C04F79EFBC}") = "PhotonVoice.Editor", "PhotonVoice.Editor.csproj", "{5B15A859-0432-35D1-5271-56F36602BF02}"
EndProject
Project("{FAE04EC0-301F-11D3-BF4B-00C04F79EFBC}") = "Unity.VSCode.Editor", "Unity.VSCode.Editor.csproj", "{78631982-CD85-166D-F3CD-426C23C49222}"
EndProject
Project("{FAE04EC0-301F-11D3-BF4B-00C04F79EFBC}") = "Assembly-CSharp-Editor", "Assembly-CSharp-Editor.csproj", "{D8A87D1A-0344-7B55-CB2A-D3663815905C}"
EndProject
Project("{FAE04EC0-301F-11D3-BF4B-00C04F79EFBC}") = "PhotonUnityNetworking.Utilities.PhotonPlayer.Editor", "PhotonUnityNetworking.Utilities.PhotonPlayer.Editor.csproj", "{0C5AE9A9-DDFA-F9C9-24A1-754AE2439E5B}"
EndProject
Project("{FAE04EC0-301F-11D3-BF4B-00C04F79EFBC}") = "PhotonUnityNetworking.Utilities.Culling.Editor", "PhotonUnityNetworking.Utilities.Culling.Editor.csproj", "{5BDB20DD-62CC-0C06-498C-E23104A9F85F}"
EndProject
Project("{FAE04EC0-301F-11D3-BF4B-00C04F79EFBC}") = "MicAmplifierEditor.Editor", "MicAmplifierEditor.Editor.csproj", "{DE841D1A-F014-5887-05DA-97B8B72B877D}"
EndProject
Project("{FAE04EC0-301F-11D3-BF4B-00C04F79EFBC}") = "PhotonVoice.Utilities.Editor", "PhotonVoice.Utilities.Editor.csproj", "{D646E10C-77D5-07EF-5252-E4A6C38033B3}"
EndProject
Project("{FAE04EC0-301F-11D3-BF4B-00C04F79EFBC}") = "PhotonVoice.PUN.Editor", "PhotonVoice.PUN.Editor.csproj", "{C1896A10-FB99-FCBB-29E9-F0075CC60D85}"
EndProject
Global
	GlobalSection(SolutionConfigurationPlatforms) = preSolution
		Debug|Any CPU = Debug|Any CPU
		Release|Any CPU = Release|Any CPU
	EndGlobalSection
	GlobalSection(ProjectConfigurationPlatforms) = postSolution
		{2799CEBF-CF59-5852-62FB-83CC9440BF9C}.Debug|Any CPU.ActiveCfg = Debug|Any CPU
		{2799CEBF-CF59-5852-62FB-83CC9440BF9C}.Debug|Any CPU.Build.0 = Debug|Any CPU
		{2799CEBF-CF59-5852-62FB-83CC9440BF9C}.Release|Any CPU.ActiveCfg = Release|Any CPU
		{2799CEBF-CF59-5852-62FB-83CC9440BF9C}.Release|Any CPU.Build.0 = Release|Any CPU
		{08D4E3A1-F514-894F-B25D-8C4BA8ED28FF}.Debug|Any CPU.ActiveCfg = Debug|Any CPU
		{08D4E3A1-F514-894F-B25D-8C4BA8ED28FF}.Debug|Any CPU.Build.0 = Debug|Any CPU
		{08D4E3A1-F514-894F-B25D-8C4BA8ED28FF}.Release|Any CPU.ActiveCfg = Release|Any CPU
		{08D4E3A1-F514-894F-B25D-8C4BA8ED28FF}.Release|Any CPU.Build.0 = Release|Any CPU
		{F0DACA0D-73D5-46CA-EFE1-DF05D893E9DC}.Debug|Any CPU.ActiveCfg = Debug|Any CPU
		{F0DACA0D-73D5-46CA-EFE1-DF05D893E9DC}.Debug|Any CPU.Build.0 = Debug|Any CPU
		{F0DACA0D-73D5-46CA-EFE1-DF05D893E9DC}.Release|Any CPU.ActiveCfg = Release|Any CPU
		{F0DACA0D-73D5-46CA-EFE1-DF05D893E9DC}.Release|Any CPU.Build.0 = Release|Any CPU
		{60850452-B9CE-5B1F-D024-74A5D93EBFE9}.Debug|Any CPU.ActiveCfg = Debug|Any CPU
		{60850452-B9CE-5B1F-D024-74A5D93EBFE9}.Debug|Any CPU.Build.0 = Debug|Any CPU
		{60850452-B9CE-5B1F-D024-74A5D93EBFE9}.Release|Any CPU.ActiveCfg = Release|Any CPU
		{60850452-B9CE-5B1F-D024-74A5D93EBFE9}.Release|Any CPU.Build.0 = Release|Any CPU
		{D23F9EE6-5DCF-BD79-A011-71A9B4D083D5}.Debug|Any CPU.ActiveCfg = Debug|Any CPU
		{D23F9EE6-5DCF-BD79-A011-71A9B4D083D5}.Debug|Any CPU.Build.0 = Debug|Any CPU
		{D23F9EE6-5DCF-BD79-A011-71A9B4D083D5}.Release|Any CPU.ActiveCfg = Release|Any CPU
		{D23F9EE6-5DCF-BD79-A011-71A9B4D083D5}.Release|Any CPU.Build.0 = Release|Any CPU
		{C1288AAA-2ECA-F09B-EA89-62775D6014F4}.Debug|Any CPU.ActiveCfg = Debug|Any CPU
		{C1288AAA-2ECA-F09B-EA89-62775D6014F4}.Debug|Any CPU.Build.0 = Debug|Any CPU
		{C1288AAA-2ECA-F09B-EA89-62775D6014F4}.Release|Any CPU.ActiveCfg = Release|Any CPU
		{C1288AAA-2ECA-F09B-EA89-62775D6014F4}.Release|Any CPU.Build.0 = Release|Any CPU
		{5E9AEF38-C27C-E801-FA38-89AA87103CB3}.Debug|Any CPU.ActiveCfg = Debug|Any CPU
		{5E9AEF38-C27C-E801-FA38-89AA87103CB3}.Debug|Any CPU.Build.0 = Debug|Any CPU
		{5E9AEF38-C27C-E801-FA38-89AA87103CB3}.Release|Any CPU.ActiveCfg = Release|Any CPU
		{5E9AEF38-C27C-E801-FA38-89AA87103CB3}.Release|Any CPU.Build.0 = Release|Any CPU
		{228974E6-D045-BB5E-6A30-069B7F4F2171}.Debug|Any CPU.ActiveCfg = Debug|Any CPU
		{228974E6-D045-BB5E-6A30-069B7F4F2171}.Debug|Any CPU.Build.0 = Debug|Any CPU
		{228974E6-D045-BB5E-6A30-069B7F4F2171}.Release|Any CPU.ActiveCfg = Release|Any CPU
		{228974E6-D045-BB5E-6A30-069B7F4F2171}.Release|Any CPU.Build.0 = Release|Any CPU
		{F04D3707-AD1F-5271-CFE1-1B4FE6325738}.Debug|Any CPU.ActiveCfg = Debug|Any CPU
		{F04D3707-AD1F-5271-CFE1-1B4FE6325738}.Debug|Any CPU.Build.0 = Debug|Any CPU
		{F04D3707-AD1F-5271-CFE1-1B4FE6325738}.Release|Any CPU.ActiveCfg = Release|Any CPU
		{F04D3707-AD1F-5271-CFE1-1B4FE6325738}.Release|Any CPU.Build.0 = Release|Any CPU
		{1250EB5B-A8F5-F470-4A74-8123AE82838F}.Debug|Any CPU.ActiveCfg = Debug|Any CPU
		{1250EB5B-A8F5-F470-4A74-8123AE82838F}.Debug|Any CPU.Build.0 = Debug|Any CPU
		{1250EB5B-A8F5-F470-4A74-8123AE82838F}.Release|Any CPU.ActiveCfg = Release|Any CPU
		{1250EB5B-A8F5-F470-4A74-8123AE82838F}.Release|Any CPU.Build.0 = Release|Any CPU
		{971C5D15-8D16-CBE6-CA66-2144354D8B20}.Debug|Any CPU.ActiveCfg = Debug|Any CPU
		{971C5D15-8D16-CBE6-CA66-2144354D8B20}.Debug|Any CPU.Build.0 = Debug|Any CPU
		{971C5D15-8D16-CBE6-CA66-2144354D8B20}.Release|Any CPU.ActiveCfg = Release|Any CPU
		{971C5D15-8D16-CBE6-CA66-2144354D8B20}.Release|Any CPU.Build.0 = Release|Any CPU
		{6E6F7750-88FD-F626-13CF-49662BE57E05}.Debug|Any CPU.ActiveCfg = Debug|Any CPU
		{6E6F7750-88FD-F626-13CF-49662BE57E05}.Debug|Any CPU.Build.0 = Debug|Any CPU
		{6E6F7750-88FD-F626-13CF-49662BE57E05}.Release|Any CPU.ActiveCfg = Release|Any CPU
		{6E6F7750-88FD-F626-13CF-49662BE57E05}.Release|Any CPU.Build.0 = Release|Any CPU
		{0687A01B-F5EF-DF0B-3706-FA1A25C0E9BE}.Debug|Any CPU.ActiveCfg = Debug|Any CPU
		{0687A01B-F5EF-DF0B-3706-FA1A25C0E9BE}.Debug|Any CPU.Build.0 = Debug|Any CPU
		{0687A01B-F5EF-DF0B-3706-FA1A25C0E9BE}.Release|Any CPU.ActiveCfg = Release|Any CPU
		{0687A01B-F5EF-DF0B-3706-FA1A25C0E9BE}.Release|Any CPU.Build.0 = Release|Any CPU
		{B2A5820D-FF86-0637-8916-F808998F57AF}.Debug|Any CPU.ActiveCfg = Debug|Any CPU
		{B2A5820D-FF86-0637-8916-F808998F57AF}.Debug|Any CPU.Build.0 = Debug|Any CPU
		{B2A5820D-FF86-0637-8916-F808998F57AF}.Release|Any CPU.ActiveCfg = Release|Any CPU
		{B2A5820D-FF86-0637-8916-F808998F57AF}.Release|Any CPU.Build.0 = Release|Any CPU
		{0B66A778-E6E5-88A6-6DDC-16B08E066E99}.Debug|Any CPU.ActiveCfg = Debug|Any CPU
		{0B66A778-E6E5-88A6-6DDC-16B08E066E99}.Debug|Any CPU.Build.0 = Debug|Any CPU
		{0B66A778-E6E5-88A6-6DDC-16B08E066E99}.Release|Any CPU.ActiveCfg = Release|Any CPU
		{0B66A778-E6E5-88A6-6DDC-16B08E066E99}.Release|Any CPU.Build.0 = Release|Any CPU
		{C841BF8D-9E5D-066C-1D12-C1499B7CCEB0}.Debug|Any CPU.ActiveCfg = Debug|Any CPU
		{C841BF8D-9E5D-066C-1D12-C1499B7CCEB0}.Debug|Any CPU.Build.0 = Debug|Any CPU
		{C841BF8D-9E5D-066C-1D12-C1499B7CCEB0}.Release|Any CPU.ActiveCfg = Release|Any CPU
		{C841BF8D-9E5D-066C-1D12-C1499B7CCEB0}.Release|Any CPU.Build.0 = Release|Any CPU
		{62FC5FAD-044A-DD99-D42A-8F7872179F50}.Debug|Any CPU.ActiveCfg = Debug|Any CPU
		{62FC5FAD-044A-DD99-D42A-8F7872179F50}.Debug|Any CPU.Build.0 = Debug|Any CPU
		{62FC5FAD-044A-DD99-D42A-8F7872179F50}.Release|Any CPU.ActiveCfg = Release|Any CPU
		{62FC5FAD-044A-DD99-D42A-8F7872179F50}.Release|Any CPU.Build.0 = Release|Any CPU
		{18D90418-DA5C-D4BB-8349-35DAF95DBEDC}.Debug|Any CPU.ActiveCfg = Debug|Any CPU
		{18D90418-DA5C-D4BB-8349-35DAF95DBEDC}.Debug|Any CPU.Build.0 = Debug|Any CPU
		{18D90418-DA5C-D4BB-8349-35DAF95DBEDC}.Release|Any CPU.ActiveCfg = Release|Any CPU
		{18D90418-DA5C-D4BB-8349-35DAF95DBEDC}.Release|Any CPU.Build.0 = Release|Any CPU
		{83048DF3-DB17-A510-869D-F25040783885}.Debug|Any CPU.ActiveCfg = Debug|Any CPU
		{83048DF3-DB17-A510-869D-F25040783885}.Debug|Any CPU.Build.0 = Debug|Any CPU
		{83048DF3-DB17-A510-869D-F25040783885}.Release|Any CPU.ActiveCfg = Release|Any CPU
		{83048DF3-DB17-A510-869D-F25040783885}.Release|Any CPU.Build.0 = Release|Any CPU
		{9FF43977-5826-002E-2590-91BF632FC523}.Debug|Any CPU.ActiveCfg = Debug|Any CPU
		{9FF43977-5826-002E-2590-91BF632FC523}.Debug|Any CPU.Build.0 = Debug|Any CPU
		{9FF43977-5826-002E-2590-91BF632FC523}.Release|Any CPU.ActiveCfg = Release|Any CPU
		{9FF43977-5826-002E-2590-91BF632FC523}.Release|Any CPU.Build.0 = Release|Any CPU
		{A57F7C7F-D46D-FB5F-43D4-EF3100C8A9C1}.Debug|Any CPU.ActiveCfg = Debug|Any CPU
		{A57F7C7F-D46D-FB5F-43D4-EF3100C8A9C1}.Debug|Any CPU.Build.0 = Debug|Any CPU
		{A57F7C7F-D46D-FB5F-43D4-EF3100C8A9C1}.Release|Any CPU.ActiveCfg = Release|Any CPU
		{A57F7C7F-D46D-FB5F-43D4-EF3100C8A9C1}.Release|Any CPU.Build.0 = Release|Any CPU
		{B7721757-2B35-FC62-20E5-E2ADC8142402}.Debug|Any CPU.ActiveCfg = Debug|Any CPU
		{B7721757-2B35-FC62-20E5-E2ADC8142402}.Debug|Any CPU.Build.0 = Debug|Any CPU
		{B7721757-2B35-FC62-20E5-E2ADC8142402}.Release|Any CPU.ActiveCfg = Release|Any CPU
		{B7721757-2B35-FC62-20E5-E2ADC8142402}.Release|Any CPU.Build.0 = Release|Any CPU
		{5B15A859-0432-35D1-5271-56F36602BF02}.Debug|Any CPU.ActiveCfg = Debug|Any CPU
		{5B15A859-0432-35D1-5271-56F36602BF02}.Debug|Any CPU.Build.0 = Debug|Any CPU
		{5B15A859-0432-35D1-5271-56F36602BF02}.Release|Any CPU.ActiveCfg = Release|Any CPU
		{5B15A859-0432-35D1-5271-56F36602BF02}.Release|Any CPU.Build.0 = Release|Any CPU
		{78631982-CD85-166D-F3CD-426C23C49222}.Debug|Any CPU.ActiveCfg = Debug|Any CPU
		{78631982-CD85-166D-F3CD-426C23C49222}.Debug|Any CPU.Build.0 = Debug|Any CPU
		{78631982-CD85-166D-F3CD-426C23C49222}.Release|Any CPU.ActiveCfg = Release|Any CPU
		{78631982-CD85-166D-F3CD-426C23C49222}.Release|Any CPU.Build.0 = Release|Any CPU
		{D8A87D1A-0344-7B55-CB2A-D3663815905C}.Debug|Any CPU.ActiveCfg = Debug|Any CPU
		{D8A87D1A-0344-7B55-CB2A-D3663815905C}.Debug|Any CPU.Build.0 = Debug|Any CPU
		{D8A87D1A-0344-7B55-CB2A-D3663815905C}.Release|Any CPU.ActiveCfg = Release|Any CPU
		{D8A87D1A-0344-7B55-CB2A-D3663815905C}.Release|Any CPU.Build.0 = Release|Any CPU
		{0C5AE9A9-DDFA-F9C9-24A1-754AE2439E5B}.Debug|Any CPU.ActiveCfg = Debug|Any CPU
		{0C5AE9A9-DDFA-F9C9-24A1-754AE2439E5B}.Debug|Any CPU.Build.0 = Debug|Any CPU
		{0C5AE9A9-DDFA-F9C9-24A1-754AE2439E5B}.Release|Any CPU.ActiveCfg = Release|Any CPU
		{0C5AE9A9-DDFA-F9C9-24A1-754AE2439E5B}.Release|Any CPU.Build.0 = Release|Any CPU
		{5BDB20DD-62CC-0C06-498C-E23104A9F85F}.Debug|Any CPU.ActiveCfg = Debug|Any CPU
		{5BDB20DD-62CC-0C06-498C-E23104A9F85F}.Debug|Any CPU.Build.0 = Debug|Any CPU
		{5BDB20DD-62CC-0C06-498C-E23104A9F85F}.Release|Any CPU.ActiveCfg = Release|Any CPU
		{5BDB20DD-62CC-0C06-498C-E23104A9F85F}.Release|Any CPU.Build.0 = Release|Any CPU
		{DE841D1A-F014-5887-05DA-97B8B72B877D}.Debug|Any CPU.ActiveCfg = Debug|Any CPU
		{DE841D1A-F014-5887-05DA-97B8B72B877D}.Debug|Any CPU.Build.0 = Debug|Any CPU
		{DE841D1A-F014-5887-05DA-97B8B72B877D}.Release|Any CPU.ActiveCfg = Release|Any CPU
		{DE841D1A-F014-5887-05DA-97B8B72B877D}.Release|Any CPU.Build.0 = Release|Any CPU
		{D646E10C-77D5-07EF-5252-E4A6C38033B3}.Debug|Any CPU.ActiveCfg = Debug|Any CPU
		{D646E10C-77D5-07EF-5252-E4A6C38033B3}.Debug|Any CPU.Build.0 = Debug|Any CPU
		{D646E10C-77D5-07EF-5252-E4A6C38033B3}.Release|Any CPU.ActiveCfg = Release|Any CPU
		{D646E10C-77D5-07EF-5252-E4A6C38033B3}.Release|Any CPU.Build.0 = Release|Any CPU
		{C1896A10-FB99-FCBB-29E9-F0075CC60D85}.Debug|Any CPU.ActiveCfg = Debug|Any CPU
		{C1896A10-FB99-FCBB-29E9-F0075CC60D85}.Debug|Any CPU.Build.0 = Debug|Any CPU
		{C1896A10-FB99-FCBB-29E9-F0075CC60D85}.Release|Any CPU.ActiveCfg = Release|Any CPU
		{C1896A10-FB99-FCBB-29E9-F0075CC60D85}.Release|Any CPU.Build.0 = Release|Any CPU
	EndGlobalSection
	GlobalSection(SolutionProperties) = preSolution
		HideSolutionNode = FALSE
	EndGlobalSection
EndGlobal
